
Microsoft Visual Studio Solution File, Format Version 12.00
# Visual Studio Version 16
VisualStudioVersion = 16.0.29613.14
MinimumVisualStudioVersion = 10.0.40219.1
Project("{FAE04EC0-301F-11D3-BF4B-00C04F79EFBC}") = "Axml.NET", "Axml.NET\Axml.NET.csproj", "{98032C69-DEC9-4747-AF59-764765EB3875}"
EndProject
Global
	GlobalSection(SolutionConfigurationPlatforms) = preSolution
		Debug|Any CPU = Debug|Any CPU
		Release|Any CPU = Release|Any CPU
	EndGlobalSection
	GlobalSection(ProjectConfigurationPlatforms) = postSolution
		{98032C69-DEC9-4747-AF59-764765EB3875}.Debug|Any CPU.ActiveCfg = Debug|Any CPU
		{98032C69-DEC9-4747-AF59-764765EB3875}.Debug|Any CPU.Build.0 = Debug|Any CPU
		{98032C69-DEC9-4747-AF59-764765EB3875}.Release|Any CPU.ActiveCfg = Release|Any CPU
		{98032C69-DEC9-4747-AF59-764765EB3875}.Release|Any CPU.Build.0 = Release|Any CPU
	EndGlobalSection
	GlobalSection(SolutionProperties) = preSolution
		HideSolutionNode = FALSE
	EndGlobalSection
	GlobalSection(ExtensibilityGlobals) = postSolution
		SolutionGuid = {24F7B1AF-6137-47BE-BDB5-0001E64B1553}
	EndGlobalSection
EndGlobal
